
Microsoft Visual Studio Solution File, Format Version 12.00
# Visual Studio 14
VisualStudioVersion = 14.0.25420.1
MinimumVisualStudioVersion = 10.0.40219.1
Project("{FAE04EC0-301F-11D3-BF4B-00C04F79EFBC}") = "sito4.0", "sito4.0\sito4.0.csproj", "{29CF2846-BA06-45D5-8A1E-DD380E451501}"
EndProject
Project("{FAE04EC0-301F-11D3-BF4B-00C04F79EFBC}") = "MyManagerCSharp", "..\..\MyFramework4.5\MyManagerCSharp\MyManagerCSharp.csproj", "{1CFB1797-36C1-4887-B980-747FCC81D6A1}"
EndProject
Project("{FAE04EC0-301F-11D3-BF4B-00C04F79EFBC}") = "MyUsers", "..\..\MyFramework4.5\MyUsers\MyUsers.csproj", "{DE537BC0-C7B3-4F38-9DE2-5757D6D3999E}"
EndProject
Project("{FAE04EC0-301F-11D3-BF4B-00C04F79EFBC}") = "trova-libro.manager", "trova-libro.manager\trova-libro.manager.csproj", "{CEE27564-2C50-49A8-B388-9963C6776F83}"
EndProject
Project("{FAE04EC0-301F-11D3-BF4B-00C04F79EFBC}") = "MyAnnunci", "..\..\MyFramework4.5\MyAnnunciManager\MyAnnunci.csproj", "{5C5C908F-04C5-49A5-B9F2-6CFC686981C6}"
EndProject
Project("{FAE04EC0-301F-11D3-BF4B-00C04F79EFBC}") = "UnitTestProject", "UnitTestProject\UnitTestProject.csproj", "{B6B4FF14-ADA6-4BD2-926D-A7F90CED2B66}"
EndProject
Global
	GlobalSection(SolutionConfigurationPlatforms) = preSolution
		Debug|Any CPU = Debug|Any CPU
		Debug|x86 = Debug|x86
		Release|Any CPU = Release|Any CPU
		Release|x86 = Release|x86
	EndGlobalSection
	GlobalSection(ProjectConfigurationPlatforms) = postSolution
		{29CF2846-BA06-45D5-8A1E-DD380E451501}.Debug|Any CPU.ActiveCfg = Debug|Any CPU
		{29CF2846-BA06-45D5-8A1E-DD380E451501}.Debug|Any CPU.Build.0 = Debug|Any CPU
		{29CF2846-BA06-45D5-8A1E-DD380E451501}.Debug|x86.ActiveCfg = Debug|Any CPU
		{29CF2846-BA06-45D5-8A1E-DD380E451501}.Release|Any CPU.ActiveCfg = Release|Any CPU
		{29CF2846-BA06-45D5-8A1E-DD380E451501}.Release|Any CPU.Build.0 = Release|Any CPU
		{29CF2846-BA06-45D5-8A1E-DD380E451501}.Release|x86.ActiveCfg = Release|Any CPU
		{1CFB1797-36C1-4887-B980-747FCC81D6A1}.Debug|Any CPU.ActiveCfg = Debug|Any CPU
		{1CFB1797-36C1-4887-B980-747FCC81D6A1}.Debug|Any CPU.Build.0 = Debug|Any CPU
		{1CFB1797-36C1-4887-B980-747FCC81D6A1}.Debug|x86.ActiveCfg = Debug|x86
		{1CFB1797-36C1-4887-B980-747FCC81D6A1}.Debug|x86.Build.0 = Debug|x86
		{1CFB1797-36C1-4887-B980-747FCC81D6A1}.Release|Any CPU.ActiveCfg = Release|Any CPU
		{1CFB1797-36C1-4887-B980-747FCC81D6A1}.Release|Any CPU.Build.0 = Release|Any CPU
		{1CFB1797-36C1-4887-B980-747FCC81D6A1}.Release|x86.ActiveCfg = Release|x86
		{1CFB1797-36C1-4887-B980-747FCC81D6A1}.Release|x86.Build.0 = Release|x86
		{DE537BC0-C7B3-4F38-9DE2-5757D6D3999E}.Debug|Any CPU.ActiveCfg = Debug|Any CPU
		{DE537BC0-C7B3-4F38-9DE2-5757D6D3999E}.Debug|Any CPU.Build.0 = Debug|Any CPU
		{DE537BC0-C7B3-4F38-9DE2-5757D6D3999E}.Debug|x86.ActiveCfg = Debug|Any CPU
		{DE537BC0-C7B3-4F38-9DE2-5757D6D3999E}.Release|Any CPU.ActiveCfg = Release|Any CPU
		{DE537BC0-C7B3-4F38-9DE2-5757D6D3999E}.Release|Any CPU.Build.0 = Release|Any CPU
		{DE537BC0-C7B3-4F38-9DE2-5757D6D3999E}.Release|x86.ActiveCfg = Release|Any CPU
		{CEE27564-2C50-49A8-B388-9963C6776F83}.Debug|Any CPU.ActiveCfg = Debug|Any CPU
		{CEE27564-2C50-49A8-B388-9963C6776F83}.Debug|Any CPU.Build.0 = Debug|Any CPU
		{CEE27564-2C50-49A8-B388-9963C6776F83}.Debug|x86.ActiveCfg = Debug|Any CPU
		{CEE27564-2C50-49A8-B388-9963C6776F83}.Release|Any CPU.ActiveCfg = Release|Any CPU
		{CEE27564-2C50-49A8-B388-9963C6776F83}.Release|Any CPU.Build.0 = Release|Any CPU
		{CEE27564-2C50-49A8-B388-9963C6776F83}.Release|x86.ActiveCfg = Release|Any CPU
		{5C5C908F-04C5-49A5-B9F2-6CFC686981C6}.Debug|Any CPU.ActiveCfg = Debug|Any CPU
		{5C5C908F-04C5-49A5-B9F2-6CFC686981C6}.Debug|Any CPU.Build.0 = Debug|Any CPU
		{5C5C908F-04C5-49A5-B9F2-6CFC686981C6}.Debug|x86.ActiveCfg = Debug|Any CPU
		{5C5C908F-04C5-49A5-B9F2-6CFC686981C6}.Debug|x86.Build.0 = Debug|Any CPU
		{5C5C908F-04C5-49A5-B9F2-6CFC686981C6}.Release|Any CPU.ActiveCfg = Release|Any CPU
		{5C5C908F-04C5-49A5-B9F2-6CFC686981C6}.Release|Any CPU.Build.0 = Release|Any CPU
		{5C5C908F-04C5-49A5-B9F2-6CFC686981C6}.Release|x86.ActiveCfg = Release|Any CPU
		{5C5C908F-04C5-49A5-B9F2-6CFC686981C6}.Release|x86.Build.0 = Release|Any CPU
		{B6B4FF14-ADA6-4BD2-926D-A7F90CED2B66}.Debug|Any CPU.ActiveCfg = Debug|Any CPU
		{B6B4FF14-ADA6-4BD2-926D-A7F90CED2B66}.Debug|Any CPU.Build.0 = Debug|Any CPU
		{B6B4FF14-ADA6-4BD2-926D-A7F90CED2B66}.Debug|x86.ActiveCfg = Debug|Any CPU
		{B6B4FF14-ADA6-4BD2-926D-A7F90CED2B66}.Debug|x86.Build.0 = Debug|Any CPU
		{B6B4FF14-ADA6-4BD2-926D-A7F90CED2B66}.Release|Any CPU.ActiveCfg = Release|Any CPU
		{B6B4FF14-ADA6-4BD2-926D-A7F90CED2B66}.Release|Any CPU.Build.0 = Release|Any CPU
		{B6B4FF14-ADA6-4BD2-926D-A7F90CED2B66}.Release|x86.ActiveCfg = Release|Any CPU
		{B6B4FF14-ADA6-4BD2-926D-A7F90CED2B66}.Release|x86.Build.0 = Release|Any CPU
	EndGlobalSection
	GlobalSection(SolutionProperties) = preSolution
		HideSolutionNode = FALSE
	EndGlobalSection
EndGlobal
